
Microsoft Visual Studio Solution File, Format Version 12.00
# Visual Studio Version 17
VisualStudioVersion = 17.0.31903.59
MinimumVisualStudioVersion = 10.0.40219.1
Project("{FAE04EC0-301F-11D3-BF4B-00C04F79EFBC}") = "PersonalForm", "form_1a\PersonalForm.csproj", "{84D1E751-46BA-463F-83D7-504BAB9A24F1}"
EndProject
Project("{FAE04EC0-301F-11D3-BF4B-00C04F79EFBC}") = "SquareDemo", "console_1b\SquareDemo.csproj", "{DD4E570E-79BB-4BF9-B3D4-F2BF383FD362}"
EndProject
Project("{FAE04EC0-301F-11D3-BF4B-00C04F79EFBC}") = "CalculatorAPI", "tests_2\CalculatorAPI\CalculatorAPI.csproj", "{FED83829-6E05-47C0-80F5-49C406A256DD}"
EndProject
Project("{FAE04EC0-301F-11D3-BF4B-00C04F79EFBC}") = "CalculatorTests", "tests_2\CalculatorTests\CalculatorTests.csproj", "{ABD7516A-B847-4AB9-B908-2B67185E4713}"
EndProject
Project("{FAE04EC0-301F-11D3-BF4B-00C04F79EFBC}") = "StudentCrud", "crud_3\StudentCrud.csproj", "{BE269F2B-7A4D-4B85-BEA7-F20EAB4CB99A}"
EndProject
Project("{FAE04EC0-301F-11D3-BF4B-00C04F79EFBC}") = "CartDemo", "cart_4\CartDemo.csproj", "{ABE344DF-4F01-449D-B3E9-F7DBF66F1BEE}"
EndProject
Project("{FAE04EC0-301F-11D3-BF4B-00C04F79EFBC}") = "SecurityDemo", "security_5\SecurityDemo.csproj", "{F59B7B63-7C68-48B2-9CE3-3E62BA6D8354}"
EndProject
Project("{FAE04EC0-301F-11D3-BF4B-00C04F79EFBC}") = "RoutingDemo", "routes_6\RoutingDemo.csproj", "{579232CE-B79A-4174-A81F-A6402BBA2860}"
EndProject
Project("{FAE04EC0-301F-11D3-BF4B-00C04F79EFBC}") = "CacheDemo", "cache_7\CacheDemo.csproj", "{DA199295-4173-453C-9B5C-5FE59A582DFA}"
EndProject
Project("{FAE04EC0-301F-11D3-BF4B-00C04F79EFBC}") = "StudentRest", "rest_8\StudentRest.csproj", "{338AE3C8-82A1-406E-BD91-C7A6DFE7C5FA}"
EndProject
Project("{FAE04EC0-301F-11D3-BF4B-00C04F79EFBC}") = "StudentMvc", "mvc_9\StudentMvc.csproj", "{62C24B53-AE04-4D6D-A755-55B50B3A1961}"
EndProject
Project("{FAE04EC0-301F-11D3-BF4B-00C04F79EFBC}") = "RazorStudent", "razor_10\RazorStudent.csproj", "{81968E16-5FB6-45B9-ABC5-CF5384E939F8}"
EndProject
Global
	GlobalSection(SolutionConfigurationPlatforms) = preSolution
		Debug|Any CPU = Debug|Any CPU
		Debug|x64 = Debug|x64
		Debug|x86 = Debug|x86
		Release|Any CPU = Release|Any CPU
		Release|x64 = Release|x64
		Release|x86 = Release|x86
	EndGlobalSection
	GlobalSection(ProjectConfigurationPlatforms) = postSolution
		{84D1E751-46BA-463F-83D7-504BAB9A24F1}.Debug|Any CPU.ActiveCfg = Debug|Any CPU
		{84D1E751-46BA-463F-83D7-504BAB9A24F1}.Debug|Any CPU.Build.0 = Debug|Any CPU
		{84D1E751-46BA-463F-83D7-504BAB9A24F1}.Debug|x64.ActiveCfg = Debug|Any CPU
		{84D1E751-46BA-463F-83D7-504BAB9A24F1}.Debug|x64.Build.0 = Debug|Any CPU
		{84D1E751-46BA-463F-83D7-504BAB9A24F1}.Debug|x86.ActiveCfg = Debug|Any CPU
		{84D1E751-46BA-463F-83D7-504BAB9A24F1}.Debug|x86.Build.0 = Debug|Any CPU
		{84D1E751-46BA-463F-83D7-504BAB9A24F1}.Release|Any CPU.ActiveCfg = Release|Any CPU
		{84D1E751-46BA-463F-83D7-504BAB9A24F1}.Release|Any CPU.Build.0 = Release|Any CPU
		{84D1E751-46BA-463F-83D7-504BAB9A24F1}.Release|x64.ActiveCfg = Release|Any CPU
		{84D1E751-46BA-463F-83D7-504BAB9A24F1}.Release|x64.Build.0 = Release|Any CPU
		{84D1E751-46BA-463F-83D7-504BAB9A24F1}.Release|x86.ActiveCfg = Release|Any CPU
		{84D1E751-46BA-463F-83D7-504BAB9A24F1}.Release|x86.Build.0 = Release|Any CPU
		{DD4E570E-79BB-4BF9-B3D4-F2BF383FD362}.Debug|Any CPU.ActiveCfg = Debug|Any CPU
		{DD4E570E-79BB-4BF9-B3D4-F2BF383FD362}.Debug|Any CPU.Build.0 = Debug|Any CPU
		{DD4E570E-79BB-4BF9-B3D4-F2BF383FD362}.Debug|x64.ActiveCfg = Debug|Any CPU
		{DD4E570E-79BB-4BF9-B3D4-F2BF383FD362}.Debug|x64.Build.0 = Debug|Any CPU
		{DD4E570E-79BB-4BF9-B3D4-F2BF383FD362}.Debug|x86.ActiveCfg = Debug|Any CPU
		{DD4E570E-79BB-4BF9-B3D4-F2BF383FD362}.Debug|x86.Build.0 = Debug|Any CPU
		{DD4E570E-79BB-4BF9-B3D4-F2BF383FD362}.Release|Any CPU.ActiveCfg = Release|Any CPU
		{DD4E570E-79BB-4BF9-B3D4-F2BF383FD362}.Release|Any CPU.Build.0 = Release|Any CPU
		{DD4E570E-79BB-4BF9-B3D4-F2BF383FD362}.Release|x64.ActiveCfg = Release|Any CPU
		{DD4E570E-79BB-4BF9-B3D4-F2BF383FD362}.Release|x64.Build.0 = Release|Any CPU
		{DD4E570E-79BB-4BF9-B3D4-F2BF383FD362}.Release|x86.ActiveCfg = Release|Any CPU
		{DD4E570E-79BB-4BF9-B3D4-F2BF383FD362}.Release|x86.Build.0 = Release|Any CPU
		{FED83829-6E05-47C0-80F5-49C406A256DD}.Debug|Any CPU.ActiveCfg = Debug|Any CPU
		{FED83829-6E05-47C0-80F5-49C406A256DD}.Debug|Any CPU.Build.0 = Debug|Any CPU
		{FED83829-6E05-47C0-80F5-49C406A256DD}.Debug|x64.ActiveCfg = Debug|Any CPU
		{FED83829-6E05-47C0-80F5-49C406A256DD}.Debug|x64.Build.0 = Debug|Any CPU
		{FED83829-6E05-47C0-80F5-49C406A256DD}.Debug|x86.ActiveCfg = Debug|Any CPU
		{FED83829-6E05-47C0-80F5-49C406A256DD}.Debug|x86.Build.0 = Debug|Any CPU
		{FED83829-6E05-47C0-80F5-49C406A256DD}.Release|Any CPU.ActiveCfg = Release|Any CPU
		{FED83829-6E05-47C0-80F5-49C406A256DD}.Release|Any CPU.Build.0 = Release|Any CPU
		{FED83829-6E05-47C0-80F5-49C406A256DD}.Release|x64.ActiveCfg = Release|Any CPU
		{FED83829-6E05-47C0-80F5-49C406A256DD}.Release|x64.Build.0 = Release|Any CPU
		{FED83829-6E05-47C0-80F5-49C406A256DD}.Release|x86.ActiveCfg = Release|Any CPU
		{FED83829-6E05-47C0-80F5-49C406A256DD}.Release|x86.Build.0 = Release|Any CPU
		{ABD7516A-B847-4AB9-B908-2B67185E4713}.Debug|Any CPU.ActiveCfg = Debug|Any CPU
		{ABD7516A-B847-4AB9-B908-2B67185E4713}.Debug|Any CPU.Build.0 = Debug|Any CPU
		{ABD7516A-B847-4AB9-B908-2B67185E4713}.Debug|x64.ActiveCfg = Debug|Any CPU
		{ABD7516A-B847-4AB9-B908-2B67185E4713}.Debug|x64.Build.0 = Debug|Any CPU
		{ABD7516A-B847-4AB9-B908-2B67185E4713}.Debug|x86.ActiveCfg = Debug|Any CPU
		{ABD7516A-B847-4AB9-B908-2B67185E4713}.Debug|x86.Build.0 = Debug|Any CPU
		{ABD7516A-B847-4AB9-B908-2B67185E4713}.Release|Any CPU.ActiveCfg = Release|Any CPU
		{ABD7516A-B847-4AB9-B908-2B67185E4713}.Release|Any CPU.Build.0 = Release|Any CPU
		{ABD7516A-B847-4AB9-B908-2B67185E4713}.Release|x64.ActiveCfg = Release|Any CPU
		{ABD7516A-B847-4AB9-B908-2B67185E4713}.Release|x64.Build.0 = Release|Any CPU
		{ABD7516A-B847-4AB9-B908-2B67185E4713}.Release|x86.ActiveCfg = Release|Any CPU
		{ABD7516A-B847-4AB9-B908-2B67185E4713}.Release|x86.Build.0 = Release|Any CPU
		{BE269F2B-7A4D-4B85-BEA7-F20EAB4CB99A}.Debug|Any CPU.ActiveCfg = Debug|Any CPU
		{BE269F2B-7A4D-4B85-BEA7-F20EAB4CB99A}.Debug|Any CPU.Build.0 = Debug|Any CPU
		{BE269F2B-7A4D-4B85-BEA7-F20EAB4CB99A}.Debug|x64.ActiveCfg = Debug|Any CPU
		{BE269F2B-7A4D-4B85-BEA7-F20EAB4CB99A}.Debug|x64.Build.0 = Debug|Any CPU
		{BE269F2B-7A4D-4B85-BEA7-F20EAB4CB99A}.Debug|x86.ActiveCfg = Debug|Any CPU
		{BE269F2B-7A4D-4B85-BEA7-F20EAB4CB99A}.Debug|x86.Build.0 = Debug|Any CPU
		{BE269F2B-7A4D-4B85-BEA7-F20EAB4CB99A}.Release|Any CPU.ActiveCfg = Release|Any CPU
		{BE269F2B-7A4D-4B85-BEA7-F20EAB4CB99A}.Release|Any CPU.Build.0 = Release|Any CPU
		{BE269F2B-7A4D-4B85-BEA7-F20EAB4CB99A}.Release|x64.ActiveCfg = Release|Any CPU
		{BE269F2B-7A4D-4B85-BEA7-F20EAB4CB99A}.Release|x64.Build.0 = Release|Any CPU
		{BE269F2B-7A4D-4B85-BEA7-F20EAB4CB99A}.Release|x86.ActiveCfg = Release|Any CPU
		{BE269F2B-7A4D-4B85-BEA7-F20EAB4CB99A}.Release|x86.Build.0 = Release|Any CPU
		{ABE344DF-4F01-449D-B3E9-F7DBF66F1BEE}.Debug|Any CPU.ActiveCfg = Debug|Any CPU
		{ABE344DF-4F01-449D-B3E9-F7DBF66F1BEE}.Debug|Any CPU.Build.0 = Debug|Any CPU
		{ABE344DF-4F01-449D-B3E9-F7DBF66F1BEE}.Debug|x64.ActiveCfg = Debug|Any CPU
		{ABE344DF-4F01-449D-B3E9-F7DBF66F1BEE}.Debug|x64.Build.0 = Debug|Any CPU
		{ABE344DF-4F01-449D-B3E9-F7DBF66F1BEE}.Debug|x86.ActiveCfg = Debug|Any CPU
		{ABE344DF-4F01-449D-B3E9-F7DBF66F1BEE}.Debug|x86.Build.0 = Debug|Any CPU
		{ABE344DF-4F01-449D-B3E9-F7DBF66F1BEE}.Release|Any CPU.ActiveCfg = Release|Any CPU
		{ABE344DF-4F01-449D-B3E9-F7DBF66F1BEE}.Release|Any CPU.Build.0 = Release|Any CPU
		{ABE344DF-4F01-449D-B3E9-F7DBF66F1BEE}.Release|x64.ActiveCfg = Release|Any CPU
		{ABE344DF-4F01-449D-B3E9-F7DBF66F1BEE}.Release|x64.Build.0 = Release|Any CPU
		{ABE344DF-4F01-449D-B3E9-F7DBF66F1BEE}.Release|x86.ActiveCfg = Release|Any CPU
		{ABE344DF-4F01-449D-B3E9-F7DBF66F1BEE}.Release|x86.Build.0 = Release|Any CPU
		{F59B7B63-7C68-48B2-9CE3-3E62BA6D8354}.Debug|Any CPU.ActiveCfg = Debug|Any CPU
		{F59B7B63-7C68-48B2-9CE3-3E62BA6D8354}.Debug|Any CPU.Build.0 = Debug|Any CPU
		{F59B7B63-7C68-48B2-9CE3-3E62BA6D8354}.Debug|x64.ActiveCfg = Debug|Any CPU
		{F59B7B63-7C68-48B2-9CE3-3E62BA6D8354}.Debug|x64.Build.0 = Debug|Any CPU
		{F59B7B63-7C68-48B2-9CE3-3E62BA6D8354}.Debug|x86.ActiveCfg = Debug|Any CPU
		{F59B7B63-7C68-48B2-9CE3-3E62BA6D8354}.Debug|x86.Build.0 = Debug|Any CPU
		{F59B7B63-7C68-48B2-9CE3-3E62BA6D8354}.Release|Any CPU.ActiveCfg = Release|Any CPU
		{F59B7B63-7C68-48B2-9CE3-3E62BA6D8354}.Release|Any CPU.Build.0 = Release|Any CPU
		{F59B7B63-7C68-48B2-9CE3-3E62BA6D8354}.Release|x64.ActiveCfg = Release|Any CPU
		{F59B7B63-7C68-48B2-9CE3-3E62BA6D8354}.Release|x64.Build.0 = Release|Any CPU
		{F59B7B63-7C68-48B2-9CE3-3E62BA6D8354}.Release|x86.ActiveCfg = Release|Any CPU
		{F59B7B63-7C68-48B2-9CE3-3E62BA6D8354}.Release|x86.Build.0 = Release|Any CPU
		{579232CE-B79A-4174-A81F-A6402BBA2860}.Debug|Any CPU.ActiveCfg = Debug|Any CPU
		{579232CE-B79A-4174-A81F-A6402BBA2860}.Debug|Any CPU.Build.0 = Debug|Any CPU
		{579232CE-B79A-4174-A81F-A6402BBA2860}.Debug|x64.ActiveCfg = Debug|Any CPU
		{579232CE-B79A-4174-A81F-A6402BBA2860}.Debug|x64.Build.0 = Debug|Any CPU
		{579232CE-B79A-4174-A81F-A6402BBA2860}.Debug|x86.ActiveCfg = Debug|Any CPU
		{579232CE-B79A-4174-A81F-A6402BBA2860}.Debug|x86.Build.0 = Debug|Any CPU
		{579232CE-B79A-4174-A81F-A6402BBA2860}.Release|Any CPU.ActiveCfg = Release|Any CPU
		{579232CE-B79A-4174-A81F-A6402BBA2860}.Release|Any CPU.Build.0 = Release|Any CPU
		{579232CE-B79A-4174-A81F-A6402BBA2860}.Release|x64.ActiveCfg = Release|Any CPU
		{579232CE-B79A-4174-A81F-A6402BBA2860}.Release|x64.Build.0 = Release|Any CPU
		{579232CE-B79A-4174-A81F-A6402BBA2860}.Release|x86.ActiveCfg = Release|Any CPU
		{579232CE-B79A-4174-A81F-A6402BBA2860}.Release|x86.Build.0 = Release|Any CPU
		{DA199295-4173-453C-9B5C-5FE59A582DFA}.Debug|Any CPU.ActiveCfg = Debug|Any CPU
		{DA199295-4173-453C-9B5C-5FE59A582DFA}.Debug|Any CPU.Build.0 = Debug|Any CPU
		{DA199295-4173-453C-9B5C-5FE59A582DFA}.Debug|x64.ActiveCfg = Debug|Any CPU
		{DA199295-4173-453C-9B5C-5FE59A582DFA}.Debug|x64.Build.0 = Debug|Any CPU
		{DA199295-4173-453C-9B5C-5FE59A582DFA}.Debug|x86.ActiveCfg = Debug|Any CPU
		{DA199295-4173-453C-9B5C-5FE59A582DFA}.Debug|x86.Build.0 = Debug|Any CPU
		{DA199295-4173-453C-9B5C-5FE59A582DFA}.Release|Any CPU.ActiveCfg = Release|Any CPU
		{DA199295-4173-453C-9B5C-5FE59A582DFA}.Release|Any CPU.Build.0 = Release|Any CPU
		{DA199295-4173-453C-9B5C-5FE59A582DFA}.Release|x64.ActiveCfg = Release|Any CPU
		{DA199295-4173-453C-9B5C-5FE59A582DFA}.Release|x64.Build.0 = Release|Any CPU
		{DA199295-4173-453C-9B5C-5FE59A582DFA}.Release|x86.ActiveCfg = Release|Any CPU
		{DA199295-4173-453C-9B5C-5FE59A582DFA}.Release|x86.Build.0 = Release|Any CPU
		{338AE3C8-82A1-406E-BD91-C7A6DFE7C5FA}.Debug|Any CPU.ActiveCfg = Debug|Any CPU
		{338AE3C8-82A1-406E-BD91-C7A6DFE7C5FA}.Debug|Any CPU.Build.0 = Debug|Any CPU
		{338AE3C8-82A1-406E-BD91-C7A6DFE7C5FA}.Debug|x64.ActiveCfg = Debug|Any CPU
		{338AE3C8-82A1-406E-BD91-C7A6DFE7C5FA}.Debug|x64.Build.0 = Debug|Any CPU
		{338AE3C8-82A1-406E-BD91-C7A6DFE7C5FA}.Debug|x86.ActiveCfg = Debug|Any CPU
		{338AE3C8-82A1-406E-BD91-C7A6DFE7C5FA}.Debug|x86.Build.0 = Debug|Any CPU
		{338AE3C8-82A1-406E-BD91-C7A6DFE7C5FA}.Release|Any CPU.ActiveCfg = Release|Any CPU
		{338AE3C8-82A1-406E-BD91-C7A6DFE7C5FA}.Release|Any CPU.Build.0 = Release|Any CPU
		{338AE3C8-82A1-406E-BD91-C7A6DFE7C5FA}.Release|x64.ActiveCfg = Release|Any CPU
		{338AE3C8-82A1-406E-BD91-C7A6DFE7C5FA}.Release|x64.Build.0 = Release|Any CPU
		{338AE3C8-82A1-406E-BD91-C7A6DFE7C5FA}.Release|x86.ActiveCfg = Release|Any CPU
		{338AE3C8-82A1-406E-BD91-C7A6DFE7C5FA}.Release|x86.Build.0 = Release|Any CPU
		{62C24B53-AE04-4D6D-A755-55B50B3A1961}.Debug|Any CPU.ActiveCfg = Debug|Any CPU
		{62C24B53-AE04-4D6D-A755-55B50B3A1961}.Debug|Any CPU.Build.0 = Debug|Any CPU
		{62C24B53-AE04-4D6D-A755-55B50B3A1961}.Debug|x64.ActiveCfg = Debug|Any CPU
		{62C24B53-AE04-4D6D-A755-55B50B3A1961}.Debug|x64.Build.0 = Debug|Any CPU
		{62C24B53-AE04-4D6D-A755-55B50B3A1961}.Debug|x86.ActiveCfg = Debug|Any CPU
		{62C24B53-AE04-4D6D-A755-55B50B3A1961}.Debug|x86.Build.0 = Debug|Any CPU
		{62C24B53-AE04-4D6D-A755-55B50B3A1961}.Release|Any CPU.ActiveCfg = Release|Any CPU
		{62C24B53-AE04-4D6D-A755-55B50B3A1961}.Release|Any CPU.Build.0 = Release|Any CPU
		{62C24B53-AE04-4D6D-A755-55B50B3A1961}.Release|x64.ActiveCfg = Release|Any CPU
		{62C24B53-AE04-4D6D-A755-55B50B3A1961}.Release|x64.Build.0 = Release|Any CPU
		{62C24B53-AE04-4D6D-A755-55B50B3A1961}.Release|x86.ActiveCfg = Release|Any CPU
		{62C24B53-AE04-4D6D-A755-55B50B3A1961}.Release|x86.Build.0 = Release|Any CPU
		{81968E16-5FB6-45B9-ABC5-CF5384E939F8}.Debug|Any CPU.ActiveCfg = Debug|Any CPU
		{81968E16-5FB6-45B9-ABC5-CF5384E939F8}.Debug|Any CPU.Build.0 = Debug|Any CPU
		{81968E16-5FB6-45B9-ABC5-CF5384E939F8}.Debug|x64.ActiveCfg = Debug|Any CPU
		{81968E16-5FB6-45B9-ABC5-CF5384E939F8}.Debug|x64.Build.0 = Debug|Any CPU
		{81968E16-5FB6-45B9-ABC5-CF5384E939F8}.Debug|x86.ActiveCfg = Debug|Any CPU
		{81968E16-5FB6-45B9-ABC5-CF5384E939F8}.Debug|x86.Build.0 = Debug|Any CPU
		{81968E16-5FB6-45B9-ABC5-CF5384E939F8}.Release|Any CPU.ActiveCfg = Release|Any CPU
		{81968E16-5FB6-45B9-ABC5-CF5384E939F8}.Release|Any CPU.Build.0 = Release|Any CPU
		{81968E16-5FB6-45B9-ABC5-CF5384E939F8}.Release|x64.ActiveCfg = Release|Any CPU
		{81968E16-5FB6-45B9-ABC5-CF5384E939F8}.Release|x64.Build.0 = Release|Any CPU
		{81968E16-5FB6-45B9-ABC5-CF5384E939F8}.Release|x86.ActiveCfg = Release|Any CPU
		{81968E16-5FB6-45B9-ABC5-CF5384E939F8}.Release|x86.Build.0 = Release|Any CPU
	EndGlobalSection
	GlobalSection(SolutionProperties) = preSolution
		HideSolutionNode = FALSE
	EndGlobalSection
EndGlobal
